
Microsoft Visual Studio Solution File, Format Version 12.00
# Visual Studio 2012
Project("{FAE04EC0-301F-11D3-BF4B-00C04F79EFBC}") = "ErlangEditor", "ErlangEditor\ErlangEditor.csproj", "{7BFA6D8E-65AD-4D4A-B877-EE4F90E35A5D}"
EndProject
Project("{FAE04EC0-301F-11D3-BF4B-00C04F79EFBC}") = "ErlangEditor.Core", "ErlangEditor.Core\ErlangEditor.Core.csproj", "{2F06B7C0-9CB4-4011-90E2-12303864D037}"
EndProject
Project("{FAE04EC0-301F-11D3-BF4B-00C04F79EFBC}") = "ErlangEditor.Template", "ErlangEditor.Template\ErlangEditor.Template.csproj", "{0B4363A8-44F5-43AF-81DE-1661E89BB8EF}"
EndProject
Project("{FAE04EC0-301F-11D3-BF4B-00C04F79EFBC}") = "ErlangEditor.CompilerProxy", "ErlangEditor.CompilerProxy\ErlangEditor.CompilerProxy.csproj", "{9C5BFE5C-3854-4BAC-98D9-301B2A747D04}"
EndProject
Project("{FAE04EC0-301F-11D3-BF4B-00C04F79EFBC}") = "ErlangEditor.RunProxy", "ErlangEditor.RunProxy\ErlangEditor.RunProxy.csproj", "{A48E9394-75B7-495C-B8E9-9B9477FDE27A}"
EndProject
Global
	GlobalSection(SolutionConfigurationPlatforms) = preSolution
		Debug|Any CPU = Debug|Any CPU
		Debug|Mixed Platforms = Debug|Mixed Platforms
		Debug|x86 = Debug|x86
		Release|Any CPU = Release|Any CPU
		Release|Mixed Platforms = Release|Mixed Platforms
		Release|x86 = Release|x86
	EndGlobalSection
	GlobalSection(ProjectConfigurationPlatforms) = postSolution
		{7BFA6D8E-65AD-4D4A-B877-EE4F90E35A5D}.Debug|Any CPU.ActiveCfg = Debug|Any CPU
		{7BFA6D8E-65AD-4D4A-B877-EE4F90E35A5D}.Debug|Any CPU.Build.0 = Debug|Any CPU
		{7BFA6D8E-65AD-4D4A-B877-EE4F90E35A5D}.Debug|Mixed Platforms.ActiveCfg = Debug|Any CPU
		{7BFA6D8E-65AD-4D4A-B877-EE4F90E35A5D}.Debug|Mixed Platforms.Build.0 = Debug|Any CPU
		{7BFA6D8E-65AD-4D4A-B877-EE4F90E35A5D}.Debug|x86.ActiveCfg = Debug|Any CPU
		{7BFA6D8E-65AD-4D4A-B877-EE4F90E35A5D}.Release|Any CPU.ActiveCfg = Release|Any CPU
		{7BFA6D8E-65AD-4D4A-B877-EE4F90E35A5D}.Release|Any CPU.Build.0 = Release|Any CPU
		{7BFA6D8E-65AD-4D4A-B877-EE4F90E35A5D}.Release|Mixed Platforms.ActiveCfg = Release|Any CPU
		{7BFA6D8E-65AD-4D4A-B877-EE4F90E35A5D}.Release|Mixed Platforms.Build.0 = Release|Any CPU
		{7BFA6D8E-65AD-4D4A-B877-EE4F90E35A5D}.Release|Mixed Platforms.Deploy.0 = Release|Any CPU
		{7BFA6D8E-65AD-4D4A-B877-EE4F90E35A5D}.Release|x86.ActiveCfg = Release|Any CPU
		{2F06B7C0-9CB4-4011-90E2-12303864D037}.Debug|Any CPU.ActiveCfg = Debug|Any CPU
		{2F06B7C0-9CB4-4011-90E2-12303864D037}.Debug|Any CPU.Build.0 = Debug|Any CPU
		{2F06B7C0-9CB4-4011-90E2-12303864D037}.Debug|Mixed Platforms.ActiveCfg = Debug|Any CPU
		{2F06B7C0-9CB4-4011-90E2-12303864D037}.Debug|Mixed Platforms.Build.0 = Debug|Any CPU
		{2F06B7C0-9CB4-4011-90E2-12303864D037}.Debug|x86.ActiveCfg = Debug|Any CPU
		{2F06B7C0-9CB4-4011-90E2-12303864D037}.Release|Any CPU.ActiveCfg = Release|Any CPU
		{2F06B7C0-9CB4-4011-90E2-12303864D037}.Release|Any CPU.Build.0 = Release|Any CPU
		{2F06B7C0-9CB4-4011-90E2-12303864D037}.Release|Mixed Platforms.ActiveCfg = Release|Any CPU
		{2F06B7C0-9CB4-4011-90E2-12303864D037}.Release|Mixed Platforms.Build.0 = Release|Any CPU
		{2F06B7C0-9CB4-4011-90E2-12303864D037}.Release|x86.ActiveCfg = Release|Any CPU
		{0B4363A8-44F5-43AF-81DE-1661E89BB8EF}.Debug|Any CPU.ActiveCfg = Debug|Any CPU
		{0B4363A8-44F5-43AF-81DE-1661E89BB8EF}.Debug|Any CPU.Build.0 = Debug|Any CPU
		{0B4363A8-44F5-43AF-81DE-1661E89BB8EF}.Debug|Mixed Platforms.ActiveCfg = Debug|Any CPU
		{0B4363A8-44F5-43AF-81DE-1661E89BB8EF}.Debug|Mixed Platforms.Build.0 = Debug|Any CPU
		{0B4363A8-44F5-43AF-81DE-1661E89BB8EF}.Debug|x86.ActiveCfg = Debug|Any CPU
		{0B4363A8-44F5-43AF-81DE-1661E89BB8EF}.Release|Any CPU.ActiveCfg = Release|Any CPU
		{0B4363A8-44F5-43AF-81DE-1661E89BB8EF}.Release|Any CPU.Build.0 = Release|Any CPU
		{0B4363A8-44F5-43AF-81DE-1661E89BB8EF}.Release|Mixed Platforms.ActiveCfg = Release|Any CPU
		{0B4363A8-44F5-43AF-81DE-1661E89BB8EF}.Release|Mixed Platforms.Build.0 = Release|Any CPU
		{0B4363A8-44F5-43AF-81DE-1661E89BB8EF}.Release|x86.ActiveCfg = Release|Any CPU
		{9C5BFE5C-3854-4BAC-98D9-301B2A747D04}.Debug|Any CPU.ActiveCfg = Debug|Any CPU
		{9C5BFE5C-3854-4BAC-98D9-301B2A747D04}.Debug|Any CPU.Build.0 = Debug|Any CPU
		{9C5BFE5C-3854-4BAC-98D9-301B2A747D04}.Debug|Mixed Platforms.ActiveCfg = Debug|Any CPU
		{9C5BFE5C-3854-4BAC-98D9-301B2A747D04}.Debug|Mixed Platforms.Build.0 = Debug|Any CPU
		{9C5BFE5C-3854-4BAC-98D9-301B2A747D04}.Debug|x86.ActiveCfg = Debug|Any CPU
		{9C5BFE5C-3854-4BAC-98D9-301B2A747D04}.Release|Any CPU.ActiveCfg = Release|Any CPU
		{9C5BFE5C-3854-4BAC-98D9-301B2A747D04}.Release|Any CPU.Build.0 = Release|Any CPU
		{9C5BFE5C-3854-4BAC-98D9-301B2A747D04}.Release|Mixed Platforms.ActiveCfg = Release|Any CPU
		{9C5BFE5C-3854-4BAC-98D9-301B2A747D04}.Release|Mixed Platforms.Build.0 = Release|Any CPU
		{9C5BFE5C-3854-4BAC-98D9-301B2A747D04}.Release|x86.ActiveCfg = Release|Any CPU
		{A48E9394-75B7-495C-B8E9-9B9477FDE27A}.Debug|Any CPU.ActiveCfg = Debug|Any CPU
		{A48E9394-75B7-495C-B8E9-9B9477FDE27A}.Debug|Any CPU.Build.0 = Debug|Any CPU
		{A48E9394-75B7-495C-B8E9-9B9477FDE27A}.Debug|Mixed Platforms.ActiveCfg = Debug|Any CPU
		{A48E9394-75B7-495C-B8E9-9B9477FDE27A}.Debug|Mixed Platforms.Build.0 = Debug|Any CPU
		{A48E9394-75B7-495C-B8E9-9B9477FDE27A}.Debug|x86.ActiveCfg = Debug|Any CPU
		{A48E9394-75B7-495C-B8E9-9B9477FDE27A}.Release|Any CPU.ActiveCfg = Release|Any CPU
		{A48E9394-75B7-495C-B8E9-9B9477FDE27A}.Release|Any CPU.Build.0 = Release|Any CPU
		{A48E9394-75B7-495C-B8E9-9B9477FDE27A}.Release|Mixed Platforms.ActiveCfg = Release|Any CPU
		{A48E9394-75B7-495C-B8E9-9B9477FDE27A}.Release|Mixed Platforms.Build.0 = Release|Any CPU
		{A48E9394-75B7-495C-B8E9-9B9477FDE27A}.Release|x86.ActiveCfg = Release|Any CPU
	EndGlobalSection
	GlobalSection(SolutionProperties) = preSolution
		HideSolutionNode = FALSE
	EndGlobalSection
EndGlobal
